
Microsoft Visual Studio Solution File, Format Version 12.00
# Visual Studio Version 17
VisualStudioVersion = 17.10.34916.146
MinimumVisualStudioVersion = 10.0.40219.1
Project("{9A19103F-16F7-4668-BE54-9A1E7A4F7556}") = "RealStateApp", "RealStateApp\RealStateApp.csproj", "{6C009172-1E71-4014-9071-7430F61E70CD}"
EndProject
Project("{2150E333-8FDC-42A3-9474-1A3956D46DE8}") = "Source", "Source", "{FB1B21A4-8722-4FAF-9753-A00B957A3D26}"
EndProject
Project("{2150E333-8FDC-42A3-9474-1A3956D46DE8}") = "Core", "Core", "{EB0F14CD-DB70-4BBD-95DC-C2B10C4199E3}"
EndProject
Project("{2150E333-8FDC-42A3-9474-1A3956D46DE8}") = "Infrastructure", "Infrastructure", "{696C1E4E-BC74-494F-8783-B5B20ACF9D76}"
EndProject
Project("{2150E333-8FDC-42A3-9474-1A3956D46DE8}") = "Presentation", "Presentation", "{1B8C7582-B0E4-44A8-897B-33C57306B23B}"
EndProject
Project("{2150E333-8FDC-42A3-9474-1A3956D46DE8}") = "WebApp", "WebApp", "{7A26033C-D699-4E92-8E46-53926E454A1F}"
EndProject
Project("{9A19103F-16F7-4668-BE54-9A1E7A4F7556}") = "RealStateApp.Core.Application", "RealStateApp.Core.Application\RealStateApp.Core.Application.csproj", "{458F76B8-F621-4F98-A34F-A9A3C01697B2}"
EndProject
Project("{9A19103F-16F7-4668-BE54-9A1E7A4F7556}") = "RealStateApp.Core.Domain", "RealStateApp.Core.Domain\RealStateApp.Core.Domain.csproj", "{AFD70B65-136A-4ECA-AC16-D7AFA52BBB73}"
EndProject
Project("{9A19103F-16F7-4668-BE54-9A1E7A4F7556}") = "RealStateApp.Infrastructure.Persistence", "RealStateApp.Infrastructure.Persistence\RealStateApp.Infrastructure.Persistence.csproj", "{B30DC758-EADE-43E6-BBCE-601273203D4B}"
EndProject
Project("{9A19103F-16F7-4668-BE54-9A1E7A4F7556}") = "RealStateApp.Infrastructure.Identity", "RealStateApp.Infrastructure.Identity\RealStateApp.Infrastructure.Identity.csproj", "{2A88A200-0D6C-44E0-8F5E-D173BAE920C0}"
EndProject
Project("{9A19103F-16F7-4668-BE54-9A1E7A4F7556}") = "RealStateApp.Infrastructure.Shared", "RealStateApp.Infrastructure.Shared\RealStateApp.Infrastructure.Shared.csproj", "{79F6F446-0A26-4082-8441-9CED4B718AB6}"
EndProject
Project("{2150E333-8FDC-42A3-9474-1A3956D46DE8}") = "WebApi", "WebApi", "{510AD282-2D9D-42AF-9BA2-0B9EAF45E968}"
EndProject
Project("{9A19103F-16F7-4668-BE54-9A1E7A4F7556}") = "RealStateApp.WebApi", "RealStateApp.WebApi\RealStateApp.WebApi.csproj", "{FC48C091-FC96-453F-8102-2294AF71EA2B}"
EndProject
Global
	GlobalSection(SolutionConfigurationPlatforms) = preSolution
		Debug|Any CPU = Debug|Any CPU
		Release|Any CPU = Release|Any CPU
	EndGlobalSection
	GlobalSection(ProjectConfigurationPlatforms) = postSolution
		{6C009172-1E71-4014-9071-7430F61E70CD}.Debug|Any CPU.ActiveCfg = Debug|Any CPU
		{6C009172-1E71-4014-9071-7430F61E70CD}.Debug|Any CPU.Build.0 = Debug|Any CPU
		{6C009172-1E71-4014-9071-7430F61E70CD}.Release|Any CPU.ActiveCfg = Release|Any CPU
		{6C009172-1E71-4014-9071-7430F61E70CD}.Release|Any CPU.Build.0 = Release|Any CPU
		{458F76B8-F621-4F98-A34F-A9A3C01697B2}.Debug|Any CPU.ActiveCfg = Debug|Any CPU
		{458F76B8-F621-4F98-A34F-A9A3C01697B2}.Debug|Any CPU.Build.0 = Debug|Any CPU
		{458F76B8-F621-4F98-A34F-A9A3C01697B2}.Release|Any CPU.ActiveCfg = Release|Any CPU
		{458F76B8-F621-4F98-A34F-A9A3C01697B2}.Release|Any CPU.Build.0 = Release|Any CPU
		{AFD70B65-136A-4ECA-AC16-D7AFA52BBB73}.Debug|Any CPU.ActiveCfg = Debug|Any CPU
		{AFD70B65-136A-4ECA-AC16-D7AFA52BBB73}.Debug|Any CPU.Build.0 = Debug|Any CPU
		{AFD70B65-136A-4ECA-AC16-D7AFA52BBB73}.Release|Any CPU.ActiveCfg = Release|Any CPU
		{AFD70B65-136A-4ECA-AC16-D7AFA52BBB73}.Release|Any CPU.Build.0 = Release|Any CPU
		{B30DC758-EADE-43E6-BBCE-601273203D4B}.Debug|Any CPU.ActiveCfg = Debug|Any CPU
		{B30DC758-EADE-43E6-BBCE-601273203D4B}.Debug|Any CPU.Build.0 = Debug|Any CPU
		{B30DC758-EADE-43E6-BBCE-601273203D4B}.Release|Any CPU.ActiveCfg = Release|Any CPU
		{B30DC758-EADE-43E6-BBCE-601273203D4B}.Release|Any CPU.Build.0 = Release|Any CPU
		{2A88A200-0D6C-44E0-8F5E-D173BAE920C0}.Debug|Any CPU.ActiveCfg = Debug|Any CPU
		{2A88A200-0D6C-44E0-8F5E-D173BAE920C0}.Debug|Any CPU.Build.0 = Debug|Any CPU
		{2A88A200-0D6C-44E0-8F5E-D173BAE920C0}.Release|Any CPU.ActiveCfg = Release|Any CPU
		{2A88A200-0D6C-44E0-8F5E-D173BAE920C0}.Release|Any CPU.Build.0 = Release|Any CPU
		{79F6F446-0A26-4082-8441-9CED4B718AB6}.Debug|Any CPU.ActiveCfg = Debug|Any CPU
		{79F6F446-0A26-4082-8441-9CED4B718AB6}.Debug|Any CPU.Build.0 = Debug|Any CPU
		{79F6F446-0A26-4082-8441-9CED4B718AB6}.Release|Any CPU.ActiveCfg = Release|Any CPU
		{79F6F446-0A26-4082-8441-9CED4B718AB6}.Release|Any CPU.Build.0 = Release|Any CPU
		{FC48C091-FC96-453F-8102-2294AF71EA2B}.Debug|Any CPU.ActiveCfg = Debug|Any CPU
		{FC48C091-FC96-453F-8102-2294AF71EA2B}.Debug|Any CPU.Build.0 = Debug|Any CPU
		{FC48C091-FC96-453F-8102-2294AF71EA2B}.Release|Any CPU.ActiveCfg = Release|Any CPU
		{FC48C091-FC96-453F-8102-2294AF71EA2B}.Release|Any CPU.Build.0 = Release|Any CPU
	EndGlobalSection
	GlobalSection(SolutionProperties) = preSolution
		HideSolutionNode = FALSE
	EndGlobalSection
	GlobalSection(NestedProjects) = preSolution
		{6C009172-1E71-4014-9071-7430F61E70CD} = {7A26033C-D699-4E92-8E46-53926E454A1F}
		{EB0F14CD-DB70-4BBD-95DC-C2B10C4199E3} = {FB1B21A4-8722-4FAF-9753-A00B957A3D26}
		{696C1E4E-BC74-494F-8783-B5B20ACF9D76} = {FB1B21A4-8722-4FAF-9753-A00B957A3D26}
		{1B8C7582-B0E4-44A8-897B-33C57306B23B} = {FB1B21A4-8722-4FAF-9753-A00B957A3D26}
		{7A26033C-D699-4E92-8E46-53926E454A1F} = {1B8C7582-B0E4-44A8-897B-33C57306B23B}
		{458F76B8-F621-4F98-A34F-A9A3C01697B2} = {EB0F14CD-DB70-4BBD-95DC-C2B10C4199E3}
		{AFD70B65-136A-4ECA-AC16-D7AFA52BBB73} = {EB0F14CD-DB70-4BBD-95DC-C2B10C4199E3}
		{B30DC758-EADE-43E6-BBCE-601273203D4B} = {696C1E4E-BC74-494F-8783-B5B20ACF9D76}
		{2A88A200-0D6C-44E0-8F5E-D173BAE920C0} = {696C1E4E-BC74-494F-8783-B5B20ACF9D76}
		{79F6F446-0A26-4082-8441-9CED4B718AB6} = {696C1E4E-BC74-494F-8783-B5B20ACF9D76}
		{510AD282-2D9D-42AF-9BA2-0B9EAF45E968} = {1B8C7582-B0E4-44A8-897B-33C57306B23B}
		{FC48C091-FC96-453F-8102-2294AF71EA2B} = {510AD282-2D9D-42AF-9BA2-0B9EAF45E968}
	EndGlobalSection
	GlobalSection(ExtensibilityGlobals) = postSolution
		SolutionGuid = {FB5F2F4E-632D-45D4-A70C-6E6CAD2DF753}
	EndGlobalSection
EndGlobal
